
Microsoft Visual Studio Solution File, Format Version 11.00
# Visual Studio 2010
Project("{8BC9CEB8-8B4A-11D0-8D11-00A0C91BC942}") = "航班查询系统", "航班查询系统\航班查询系统.vcxproj", "{2804C0F5-D20F-4357-97E1-840EEB285F82}"
EndProject
Global
	GlobalSection(SolutionConfigurationPlatforms) = preSolution
		Debug|Win32 = Debug|Win32
		Release|Win32 = Release|Win32
	EndGlobalSection
	GlobalSection(ProjectConfigurationPlatforms) = postSolution
		{2804C0F5-D20F-4357-97E1-840EEB285F82}.Debug|Win32.ActiveCfg = Debug|Win32
		{2804C0F5-D20F-4357-97E1-840EEB285F82}.Debug|Win32.Build.0 = Debug|Win32
		{2804C0F5-D20F-4357-97E1-840EEB285F82}.Release|Win32.ActiveCfg = Release|Win32
		{2804C0F5-D20F-4357-97E1-840EEB285F82}.Release|Win32.Build.0 = Release|Win32
	EndGlobalSection
	GlobalSection(SolutionProperties) = preSolution
		HideSolutionNode = FALSE
	EndGlobalSection
EndGlobal
